FORGE
  remote: https://forgeapi.puppetlabs.com
  specs:
    puppetlabs/concat (1.1.0)
      puppetlabs/stdlib (>= 4.0.0)
    puppetlabs/stdlib (4.2.2)

GIT
  remote: git://github.com/chrisng/puppet_base_software.git
  ref: master
  sha: 076daefad54990112817917f3650e02c8394d0ee
  specs:
    chrisng/base_software (0.0.1)

DEPENDENCIES
  chrisng/base_software (>= 0)
  puppetlabs/concat (>= 0)
  puppetlabs/stdlib (>= 0)

